
Microsoft Visual Studio Solution File, Format Version 12.00
# Visual Studio Version 17
VisualStudioVersion = 17.9.34701.34
MinimumVisualStudioVersion = 10.0.40219.1
Project("{FAE04EC0-301F-11D3-BF4B-00C04F79EFBC}") = "GenericCollections", "GenericCollections\GenericCollections.csproj", "{F7423B8A-1A93-4BA9-9913-2FB3E28B3301}"
EndProject
Global
	GlobalSection(SolutionConfigurationPlatforms) = preSolution
		Debug|Any CPU = Debug|Any CPU
		Release|Any CPU = Release|Any CPU
	EndGlobalSection
	GlobalSection(ProjectConfigurationPlatforms) = postSolution
		{F7423B8A-1A93-4BA9-9913-2FB3E28B3301}.Debug|Any CPU.ActiveCfg = Debug|Any CPU
		{F7423B8A-1A93-4BA9-9913-2FB3E28B3301}.Debug|Any CPU.Build.0 = Debug|Any CPU
		{F7423B8A-1A93-4BA9-9913-2FB3E28B3301}.Release|Any CPU.ActiveCfg = Release|Any CPU
		{F7423B8A-1A93-4BA9-9913-2FB3E28B3301}.Release|Any CPU.Build.0 = Release|Any CPU
	EndGlobalSection
	GlobalSection(SolutionProperties) = preSolution
		HideSolutionNode = FALSE
	EndGlobalSection
	GlobalSection(ExtensibilityGlobals) = postSolution
		SolutionGuid = {86F1E129-B9C4-4B2C-90DA-B833F77705CE}
	EndGlobalSection
EndGlobal
